
Microsoft Visual Studio Solution File, Format Version 12.00
# Visual Studio 2017
Project("{FAE04EC0-301F-11D3-BF4B-00C04F79EFBC}") = "easyRecipesForCooking", "easyRecipesForCooking.csproj", "{0AB1DB06-0C38-603E-A888-615B89A52E0D}"
EndProject
Project("{FAE04EC0-301F-11D3-BF4B-00C04F79EFBC}") = "easyRecipesForCooking.Editor", "easyRecipesForCooking.Editor.csproj", "{1DD11C46-1580-B4E4-D5B2-3832EB660D8C}"
EndProject
Global
	GlobalSection(SolutionConfigurationPlatforms) = preSolution
		Debug|Any CPU = Debug|Any CPU
		Release|Any CPU = Release|Any CPU
	EndGlobalSection
	GlobalSection(ProjectConfigurationPlatforms) = postSolution
		{0AB1DB06-0C38-603E-A888-615B89A52E0D}.Debug|Any CPU.ActiveCfg = Debug|Any CPU
		{0AB1DB06-0C38-603E-A888-615B89A52E0D}.Debug|Any CPU.Build.0 = Debug|Any CPU
		{0AB1DB06-0C38-603E-A888-615B89A52E0D}.Release|Any CPU.ActiveCfg = Release|Any CPU
		{0AB1DB06-0C38-603E-A888-615B89A52E0D}.Release|Any CPU.Build.0 = Release|Any CPU
		{1DD11C46-1580-B4E4-D5B2-3832EB660D8C}.Debug|Any CPU.ActiveCfg = Debug|Any CPU
		{1DD11C46-1580-B4E4-D5B2-3832EB660D8C}.Debug|Any CPU.Build.0 = Debug|Any CPU
		{1DD11C46-1580-B4E4-D5B2-3832EB660D8C}.Release|Any CPU.ActiveCfg = Release|Any CPU
		{1DD11C46-1580-B4E4-D5B2-3832EB660D8C}.Release|Any CPU.Build.0 = Release|Any CPU
	EndGlobalSection
	GlobalSection(SolutionProperties) = preSolution
		HideSolutionNode = FALSE
	EndGlobalSection
EndGlobal
